<Solution>
  <Project Path="ERP.Banking.API/ERP.Banking.API.csproj" />
  <Project Path="ERP.Banking.Application/ERP.Banking.Application.csproj" />
  <Project Path="ERP.Banking.Domain/ERP.Banking.Domain.csproj" />
  <Project Path="ERP.Banking.Infrastructure/ERP.Banking.Infrastructure.csproj" />
</Solution>
